github.com/aldernero/go-noise v0.0.0-20231114043404-4971eada1a14 h1:rfDp8d4E1AS5mSP7zS0nZAEIWfWbZ6vtF/wd957o9ME=
github.com/aldernero/go-noise v0.0.0-20231114043404-4971eada1a14/go.mod h1:AsGgvpaaUWQ53Y1UeNDAQUVjRK9tNn/5zw7FZP0oe/o=
github.com/gorilla/websocket v1.5.3 h1:saDtZ6Pbx/0u+bgYQ3q96pZgCzfhKXGPqt7kZ72aNNg=
github.com/gorilla/websocket v1.5.3/go.mod h1:YR8l580nyteQvAITg2hZ9XVh4b55+EU/adAjf1fMHhE=
